
Microsoft Visual Studio Solution File, Format Version 12.00
# Visual Studio Version 16
VisualStudioVersion = 16.0.28729.10
MinimumVisualStudioVersion = 10.0.40219.1
Project("{9A19103F-16F7-4668-BE54-9A1E7A4F7556}") = "ProgrammingExamplesForExamMS70483", "ProgrammingExamplesForExamMS70483\ProgrammingExamplesForExamMS70483.csproj", "{1593B1FD-6700-4E60-AAA9-17C0EC0F0234}"
EndProject
Project("{9A19103F-16F7-4668-BE54-9A1E7A4F7556}") = "AddExtensionMethodToClass", "AddExtensionMethodToClass\AddExtensionMethodToClass.csproj", "{1DBADF79-717B-4BFB-887D-1B75BF47A0CE}"
EndProject
Project("{9A19103F-16F7-4668-BE54-9A1E7A4F7556}") = "ExtendingAnExistingClass", "ExtendingAnExistingClass\ExtendingAnExistingClass.csproj", "{D085C2A4-26E8-4BDB-8F86-B5E76336F231}"
EndProject
Project("{9A19103F-16F7-4668-BE54-9A1E7A4F7556}") = "ConversionImplicitExplicitSysdotConvert", "ConversionImplicitExplicitSysdotConvert\ConversionImplicitExplicitSysdotConvert.csproj", "{EF4B3111-6C97-4D45-A6CA-BEFC09D68B83}"
EndProject
Project("{9A19103F-16F7-4668-BE54-9A1E7A4F7556}") = "TryParseAndOutKeyword", "TryParseAndOutKeyword\TryParseAndOutKeyword.csproj", "{68C76DA5-14C3-4FEC-AF53-1105A492E9D8}"
EndProject
Project("{9A19103F-16F7-4668-BE54-9A1E7A4F7556}") = "SwitchStatement", "SwitchStatement\SwitchStatement.csproj", "{42580CAA-3821-4FC8-A50F-C3F9D2010B03}"
EndProject
Project("{9A19103F-16F7-4668-BE54-9A1E7A4F7556}") = "DelegatesAndLambdas", "DelegatesAndLambdas\DelegatesAndLambdas.csproj", "{8223C5A3-4C68-4D60-82BE-6E78D8F29887}"
EndProject
Project("{9A19103F-16F7-4668-BE54-9A1E7A4F7556}") = "StructWithIndexer", "StructWithIndexer\StructWithIndexer.csproj", "{C717E4A0-DDA2-43F9-861B-DD8A65A5E79D}"
EndProject
Project("{FAE04EC0-301F-11D3-BF4B-00C04F79EFBC}") = "Enum", "Enum\Enum.csproj", "{D41308C4-85C6-470D-892A-BFAE7954DE4C}"
EndProject
Project("{FAE04EC0-301F-11D3-BF4B-00C04F79EFBC}") = "Arrays", "Arrays\Arrays.csproj", "{4F825C3C-6BFC-4EAB-8FDF-228A1E9676C9}"
EndProject
Project("{FAE04EC0-301F-11D3-BF4B-00C04F79EFBC}") = "ExceptionTryCatchFinallyThrow", "ExceptionTryCatchFinallyThrow\ExceptionTryCatchFinallyThrow.csproj", "{4C479964-B61D-40E8-BC02-96BCDD4CFD26}"
EndProject
Project("{FAE04EC0-301F-11D3-BF4B-00C04F79EFBC}") = "RegularExpression", "RegularExpression\RegularExpression.csproj", "{F1940C38-2936-4E8D-A628-5AC86380176C}"
EndProject
Project("{FAE04EC0-301F-11D3-BF4B-00C04F79EFBC}") = "NullCoalescingOperator", "NullCoalescingOperator\NullCoalescingOperator.csproj", "{0D5D272E-B8E9-4148-AFFF-A25BDC1E7251}"
EndProject
Project("{FAE04EC0-301F-11D3-BF4B-00C04F79EFBC}") = "TernaryOperator", "TernaryOperator\TernaryOperator.csproj", "{02DCC2FE-938F-48FD-8235-6888480B808C}"
EndProject
Project("{FAE04EC0-301F-11D3-BF4B-00C04F79EFBC}") = "PartialClass", "PartialClass\PartialClass.csproj", "{A3950A83-FA81-4B7E-8BFA-58DC780B212E}"
EndProject
Global
	GlobalSection(SolutionConfigurationPlatforms) = preSolution
		Debug|Any CPU = Debug|Any CPU
		Release|Any CPU = Release|Any CPU
	EndGlobalSection
	GlobalSection(ProjectConfigurationPlatforms) = postSolution
		{1593B1FD-6700-4E60-AAA9-17C0EC0F0234}.Debug|Any CPU.ActiveCfg = Debug|Any CPU
		{1593B1FD-6700-4E60-AAA9-17C0EC0F0234}.Debug|Any CPU.Build.0 = Debug|Any CPU
		{1593B1FD-6700-4E60-AAA9-17C0EC0F0234}.Release|Any CPU.ActiveCfg = Release|Any CPU
		{1593B1FD-6700-4E60-AAA9-17C0EC0F0234}.Release|Any CPU.Build.0 = Release|Any CPU
		{1DBADF79-717B-4BFB-887D-1B75BF47A0CE}.Debug|Any CPU.ActiveCfg = Debug|Any CPU
		{1DBADF79-717B-4BFB-887D-1B75BF47A0CE}.Debug|Any CPU.Build.0 = Debug|Any CPU
		{1DBADF79-717B-4BFB-887D-1B75BF47A0CE}.Release|Any CPU.ActiveCfg = Release|Any CPU
		{1DBADF79-717B-4BFB-887D-1B75BF47A0CE}.Release|Any CPU.Build.0 = Release|Any CPU
		{D085C2A4-26E8-4BDB-8F86-B5E76336F231}.Debug|Any CPU.ActiveCfg = Debug|Any CPU
		{D085C2A4-26E8-4BDB-8F86-B5E76336F231}.Debug|Any CPU.Build.0 = Debug|Any CPU
		{D085C2A4-26E8-4BDB-8F86-B5E76336F231}.Release|Any CPU.ActiveCfg = Release|Any CPU
		{D085C2A4-26E8-4BDB-8F86-B5E76336F231}.Release|Any CPU.Build.0 = Release|Any CPU
		{EF4B3111-6C97-4D45-A6CA-BEFC09D68B83}.Debug|Any CPU.ActiveCfg = Debug|Any CPU
		{EF4B3111-6C97-4D45-A6CA-BEFC09D68B83}.Debug|Any CPU.Build.0 = Debug|Any CPU
		{EF4B3111-6C97-4D45-A6CA-BEFC09D68B83}.Release|Any CPU.ActiveCfg = Release|Any CPU
		{EF4B3111-6C97-4D45-A6CA-BEFC09D68B83}.Release|Any CPU.Build.0 = Release|Any CPU
		{68C76DA5-14C3-4FEC-AF53-1105A492E9D8}.Debug|Any CPU.ActiveCfg = Debug|Any CPU
		{68C76DA5-14C3-4FEC-AF53-1105A492E9D8}.Debug|Any CPU.Build.0 = Debug|Any CPU
		{68C76DA5-14C3-4FEC-AF53-1105A492E9D8}.Release|Any CPU.ActiveCfg = Release|Any CPU
		{68C76DA5-14C3-4FEC-AF53-1105A492E9D8}.Release|Any CPU.Build.0 = Release|Any CPU
		{42580CAA-3821-4FC8-A50F-C3F9D2010B03}.Debug|Any CPU.ActiveCfg = Debug|Any CPU
		{42580CAA-3821-4FC8-A50F-C3F9D2010B03}.Debug|Any CPU.Build.0 = Debug|Any CPU
		{42580CAA-3821-4FC8-A50F-C3F9D2010B03}.Release|Any CPU.ActiveCfg = Release|Any CPU
		{42580CAA-3821-4FC8-A50F-C3F9D2010B03}.Release|Any CPU.Build.0 = Release|Any CPU
		{8223C5A3-4C68-4D60-82BE-6E78D8F29887}.Debug|Any CPU.ActiveCfg = Debug|Any CPU
		{8223C5A3-4C68-4D60-82BE-6E78D8F29887}.Debug|Any CPU.Build.0 = Debug|Any CPU
		{8223C5A3-4C68-4D60-82BE-6E78D8F29887}.Release|Any CPU.ActiveCfg = Release|Any CPU
		{8223C5A3-4C68-4D60-82BE-6E78D8F29887}.Release|Any CPU.Build.0 = Release|Any CPU
		{C717E4A0-DDA2-43F9-861B-DD8A65A5E79D}.Debug|Any CPU.ActiveCfg = Debug|Any CPU
		{C717E4A0-DDA2-43F9-861B-DD8A65A5E79D}.Debug|Any CPU.Build.0 = Debug|Any CPU
		{C717E4A0-DDA2-43F9-861B-DD8A65A5E79D}.Release|Any CPU.ActiveCfg = Release|Any CPU
		{C717E4A0-DDA2-43F9-861B-DD8A65A5E79D}.Release|Any CPU.Build.0 = Release|Any CPU
		{D41308C4-85C6-470D-892A-BFAE7954DE4C}.Debug|Any CPU.ActiveCfg = Debug|Any CPU
		{D41308C4-85C6-470D-892A-BFAE7954DE4C}.Debug|Any CPU.Build.0 = Debug|Any CPU
		{D41308C4-85C6-470D-892A-BFAE7954DE4C}.Release|Any CPU.ActiveCfg = Release|Any CPU
		{D41308C4-85C6-470D-892A-BFAE7954DE4C}.Release|Any CPU.Build.0 = Release|Any CPU
		{4F825C3C-6BFC-4EAB-8FDF-228A1E9676C9}.Debug|Any CPU.ActiveCfg = Debug|Any CPU
		{4F825C3C-6BFC-4EAB-8FDF-228A1E9676C9}.Debug|Any CPU.Build.0 = Debug|Any CPU
		{4F825C3C-6BFC-4EAB-8FDF-228A1E9676C9}.Release|Any CPU.ActiveCfg = Release|Any CPU
		{4F825C3C-6BFC-4EAB-8FDF-228A1E9676C9}.Release|Any CPU.Build.0 = Release|Any CPU
		{4C479964-B61D-40E8-BC02-96BCDD4CFD26}.Debug|Any CPU.ActiveCfg = Debug|Any CPU
		{4C479964-B61D-40E8-BC02-96BCDD4CFD26}.Debug|Any CPU.Build.0 = Debug|Any CPU
		{4C479964-B61D-40E8-BC02-96BCDD4CFD26}.Release|Any CPU.ActiveCfg = Release|Any CPU
		{4C479964-B61D-40E8-BC02-96BCDD4CFD26}.Release|Any CPU.Build.0 = Release|Any CPU
		{F1940C38-2936-4E8D-A628-5AC86380176C}.Debug|Any CPU.ActiveCfg = Debug|Any CPU
		{F1940C38-2936-4E8D-A628-5AC86380176C}.Debug|Any CPU.Build.0 = Debug|Any CPU
		{F1940C38-2936-4E8D-A628-5AC86380176C}.Release|Any CPU.ActiveCfg = Release|Any CPU
		{F1940C38-2936-4E8D-A628-5AC86380176C}.Release|Any CPU.Build.0 = Release|Any CPU
		{0D5D272E-B8E9-4148-AFFF-A25BDC1E7251}.Debug|Any CPU.ActiveCfg = Debug|Any CPU
		{0D5D272E-B8E9-4148-AFFF-A25BDC1E7251}.Debug|Any CPU.Build.0 = Debug|Any CPU
		{0D5D272E-B8E9-4148-AFFF-A25BDC1E7251}.Release|Any CPU.ActiveCfg = Release|Any CPU
		{0D5D272E-B8E9-4148-AFFF-A25BDC1E7251}.Release|Any CPU.Build.0 = Release|Any CPU
		{02DCC2FE-938F-48FD-8235-6888480B808C}.Debug|Any CPU.ActiveCfg = Debug|Any CPU
		{02DCC2FE-938F-48FD-8235-6888480B808C}.Debug|Any CPU.Build.0 = Debug|Any CPU
		{02DCC2FE-938F-48FD-8235-6888480B808C}.Release|Any CPU.ActiveCfg = Release|Any CPU
		{02DCC2FE-938F-48FD-8235-6888480B808C}.Release|Any CPU.Build.0 = Release|Any CPU
		{A3950A83-FA81-4B7E-8BFA-58DC780B212E}.Debug|Any CPU.ActiveCfg = Debug|Any CPU
		{A3950A83-FA81-4B7E-8BFA-58DC780B212E}.Debug|Any CPU.Build.0 = Debug|Any CPU
		{A3950A83-FA81-4B7E-8BFA-58DC780B212E}.Release|Any CPU.ActiveCfg = Release|Any CPU
		{A3950A83-FA81-4B7E-8BFA-58DC780B212E}.Release|Any CPU.Build.0 = Release|Any CPU
	EndGlobalSection
	GlobalSection(SolutionProperties) = preSolution
		HideSolutionNode = FALSE
	EndGlobalSection
	GlobalSection(ExtensibilityGlobals) = postSolution
		SolutionGuid = {C51BB015-595A-48E4-8934-6285B5C30A80}
	EndGlobalSection
EndGlobal
