
Microsoft Visual Studio Solution File, Format Version 12.00
# Visual Studio Version 16
VisualStudioVersion = 16.0.28729.10
MinimumVisualStudioVersion = 10.0.40219.1
Project("{9A19103F-16F7-4668-BE54-9A1E7A4F7556}") = "ProgrammingExamplesForExamMS70483", "ProgrammingExamplesForExamMS70483\ProgrammingExamplesForExamMS70483.csproj", "{1593B1FD-6700-4E60-AAA9-17C0EC0F0234}"
EndProject
Project("{9A19103F-16F7-4668-BE54-9A1E7A4F7556}") = "AddExtensionMethodToClass", "AddExtensionMethodToClass\AddExtensionMethodToClass.csproj", "{1DBADF79-717B-4BFB-887D-1B75BF47A0CE}"
EndProject
Project("{9A19103F-16F7-4668-BE54-9A1E7A4F7556}") = "ExtendingAnExistingClass", "ExtendingAnExistingClass\ExtendingAnExistingClass.csproj", "{D085C2A4-26E8-4BDB-8F86-B5E76336F231}"
EndProject
Project("{9A19103F-16F7-4668-BE54-9A1E7A4F7556}") = "ConversionImplicitExplicitSysdotConvert", "ConversionImplicitExplicitSysdotConvert\ConversionImplicitExplicitSysdotConvert.csproj", "{EF4B3111-6C97-4D45-A6CA-BEFC09D68B83}"
EndProject
Project("{9A19103F-16F7-4668-BE54-9A1E7A4F7556}") = "TryParseAndOutKeyword", "TryParseAndOutKeyword\TryParseAndOutKeyword.csproj", "{68C76DA5-14C3-4FEC-AF53-1105A492E9D8}"
EndProject
Project("{9A19103F-16F7-4668-BE54-9A1E7A4F7556}") = "SwitchStatement", "SwitchStatement\SwitchStatement.csproj", "{42580CAA-3821-4FC8-A50F-C3F9D2010B03}"
EndProject
Project("{9A19103F-16F7-4668-BE54-9A1E7A4F7556}") = "DelegatesAndLambdas", "DelegatesAndLambdas\DelegatesAndLambdas.csproj", "{8223C5A3-4C68-4D60-82BE-6E78D8F29887}"
EndProject
Project("{9A19103F-16F7-4668-BE54-9A1E7A4F7556}") = "StructWithIndexer", "StructWithIndexer\StructWithIndexer.csproj", "{C717E4A0-DDA2-43F9-861B-DD8A65A5E79D}"
EndProject
Project("{9A19103F-16F7-4668-BE54-9A1E7A4F7556}") = "Enum", "Enum\Enum.csproj", "{D41308C4-85C6-470D-892A-BFAE7954DE4C}"
EndProject
Project("{9A19103F-16F7-4668-BE54-9A1E7A4F7556}") = "Arrays", "Arrays\Arrays.csproj", "{4F825C3C-6BFC-4EAB-8FDF-228A1E9676C9}"
EndProject
Project("{9A19103F-16F7-4668-BE54-9A1E7A4F7556}") = "ExceptionTryCatchFinallyThrow", "ExceptionTryCatchFinallyThrow\ExceptionTryCatchFinallyThrow.csproj", "{4C479964-B61D-40E8-BC02-96BCDD4CFD26}"
EndProject
Project("{9A19103F-16F7-4668-BE54-9A1E7A4F7556}") = "RegularExpression", "RegularExpression\RegularExpression.csproj", "{F1940C38-2936-4E8D-A628-5AC86380176C}"
EndProject
Project("{9A19103F-16F7-4668-BE54-9A1E7A4F7556}") = "NullCoalescingOperator", "NullCoalescingOperator\NullCoalescingOperator.csproj", "{0D5D272E-B8E9-4148-AFFF-A25BDC1E7251}"
EndProject
Project("{9A19103F-16F7-4668-BE54-9A1E7A4F7556}") = "TernaryOperator", "TernaryOperator\TernaryOperator.csproj", "{02DCC2FE-938F-48FD-8235-6888480B808C}"
EndProject
Project("{9A19103F-16F7-4668-BE54-9A1E7A4F7556}") = "PartialClass", "PartialClass\PartialClass.csproj", "{A3950A83-FA81-4B7E-8BFA-58DC780B212E}"
EndProject
Project("{9A19103F-16F7-4668-BE54-9A1E7A4F7556}") = "Recursion", "Recursion\Recursion.csproj", "{0519440D-0F46-4F97-AA3C-ED5A1B75E443}"
EndProject
Project("{9A19103F-16F7-4668-BE54-9A1E7A4F7556}") = "BoxingUnboxing", "BoxingUnboxing\BoxingUnboxing.csproj", "{DEC608E2-1999-42A9-8619-85C27344DF0A}"
EndProject
Project("{9A19103F-16F7-4668-BE54-9A1E7A4F7556}") = "NamedAndOptionalParameters", "NamedAndOptionalParameters\NamedAndOptionalParameters.csproj", "{CBE29CBF-D840-490F-AA78-0BA7EDEB8BFD}"
EndProject
Project("{9A19103F-16F7-4668-BE54-9A1E7A4F7556}") = "IsOperator", "IsOperator\IsOperator.csproj", "{9601AA37-5E65-4646-B9ED-1C7D4011C696}"
EndProject
Project("{9A19103F-16F7-4668-BE54-9A1E7A4F7556}") = "StringManipulation", "StringManipulation\StringManipulation.csproj", "{5C5CDC8B-6ACE-4167-B1A1-6E46A0ADCA06}"
EndProject
Project("{9A19103F-16F7-4668-BE54-9A1E7A4F7556}") = "InterfacesCompare", "InterfacesCompare\InterfacesCompare.csproj", "{2414F3D7-76EB-4E34-B285-63F86D4D1D69}"
EndProject
Project("{9A19103F-16F7-4668-BE54-9A1E7A4F7556}") = "Interfaces", "Interfaces\Interfaces.csproj", "{EDB50BAB-B315-477A-9673-162B7B36A414}"
EndProject
Project("{9A19103F-16F7-4668-BE54-9A1E7A4F7556}") = "CSharpDirectives", "CSharpDirectives\CSharpDirectives.csproj", "{A2495B86-81D0-460F-B05A-CFA32D14F1F0}"
EndProject
Project("{9A19103F-16F7-4668-BE54-9A1E7A4F7556}") = "AbstractClasses", "AbstractClasses\AbstractClasses.csproj", "{91AE86B7-82DD-4B47-92AF-6515CA43BCD4}"
EndProject
Project("{9A19103F-16F7-4668-BE54-9A1E7A4F7556}") = "GetWebsite", "GetWebsite\GetWebsite.csproj", "{136E22E1-D8FD-4F21-9E8F-ACF5F630D5D6}"
EndProject
Project("{9A19103F-16F7-4668-BE54-9A1E7A4F7556}") = "EncryptionDecryption", "EncryptionDecryption\EncryptionDecryption.csproj", "{ACC53525-9B0E-40DA-8158-4D4346E6BF6E}"
EndProject
Project("{9A19103F-16F7-4668-BE54-9A1E7A4F7556}") = "DriveInfoExample", "DriveInfoExample\DriveInfoExample.csproj", "{95E6468F-E87E-43A7-9102-61D4505E8537}"
EndProject
Project("{9A19103F-16F7-4668-BE54-9A1E7A4F7556}") = "WorkingWithStreams", "WorkingWithStreams\WorkingWithStreams.csproj", "{BAC397A0-C831-453A-BA24-70BC1DE70FCF}"
EndProject
Project("{FAE04EC0-301F-11D3-BF4B-00C04F79EFBC}") = "AsyncIO", "AsyncIO\AsyncIO.csproj", "{B70A713B-537B-47B7-8BBA-74424CE77D07}"
EndProject
Global
	GlobalSection(SolutionConfigurationPlatforms) = preSolution
		Debug|Any CPU = Debug|Any CPU
		Release|Any CPU = Release|Any CPU
	EndGlobalSection
	GlobalSection(ProjectConfigurationPlatforms) = postSolution
		{1593B1FD-6700-4E60-AAA9-17C0EC0F0234}.Debug|Any CPU.ActiveCfg = Debug|Any CPU
		{1593B1FD-6700-4E60-AAA9-17C0EC0F0234}.Debug|Any CPU.Build.0 = Debug|Any CPU
		{1593B1FD-6700-4E60-AAA9-17C0EC0F0234}.Release|Any CPU.ActiveCfg = Release|Any CPU
		{1593B1FD-6700-4E60-AAA9-17C0EC0F0234}.Release|Any CPU.Build.0 = Release|Any CPU
		{1DBADF79-717B-4BFB-887D-1B75BF47A0CE}.Debug|Any CPU.ActiveCfg = Debug|Any CPU
		{1DBADF79-717B-4BFB-887D-1B75BF47A0CE}.Debug|Any CPU.Build.0 = Debug|Any CPU
		{1DBADF79-717B-4BFB-887D-1B75BF47A0CE}.Release|Any CPU.ActiveCfg = Release|Any CPU
		{1DBADF79-717B-4BFB-887D-1B75BF47A0CE}.Release|Any CPU.Build.0 = Release|Any CPU
		{D085C2A4-26E8-4BDB-8F86-B5E76336F231}.Debug|Any CPU.ActiveCfg = Debug|Any CPU
		{D085C2A4-26E8-4BDB-8F86-B5E76336F231}.Debug|Any CPU.Build.0 = Debug|Any CPU
		{D085C2A4-26E8-4BDB-8F86-B5E76336F231}.Release|Any CPU.ActiveCfg = Release|Any CPU
		{D085C2A4-26E8-4BDB-8F86-B5E76336F231}.Release|Any CPU.Build.0 = Release|Any CPU
		{EF4B3111-6C97-4D45-A6CA-BEFC09D68B83}.Debug|Any CPU.ActiveCfg = Debug|Any CPU
		{EF4B3111-6C97-4D45-A6CA-BEFC09D68B83}.Debug|Any CPU.Build.0 = Debug|Any CPU
		{EF4B3111-6C97-4D45-A6CA-BEFC09D68B83}.Release|Any CPU.ActiveCfg = Release|Any CPU
		{EF4B3111-6C97-4D45-A6CA-BEFC09D68B83}.Release|Any CPU.Build.0 = Release|Any CPU
		{68C76DA5-14C3-4FEC-AF53-1105A492E9D8}.Debug|Any CPU.ActiveCfg = Debug|Any CPU
		{68C76DA5-14C3-4FEC-AF53-1105A492E9D8}.Debug|Any CPU.Build.0 = Debug|Any CPU
		{68C76DA5-14C3-4FEC-AF53-1105A492E9D8}.Release|Any CPU.ActiveCfg = Release|Any CPU
		{68C76DA5-14C3-4FEC-AF53-1105A492E9D8}.Release|Any CPU.Build.0 = Release|Any CPU
		{42580CAA-3821-4FC8-A50F-C3F9D2010B03}.Debug|Any CPU.ActiveCfg = Debug|Any CPU
		{42580CAA-3821-4FC8-A50F-C3F9D2010B03}.Debug|Any CPU.Build.0 = Debug|Any CPU
		{42580CAA-3821-4FC8-A50F-C3F9D2010B03}.Release|Any CPU.ActiveCfg = Release|Any CPU
		{42580CAA-3821-4FC8-A50F-C3F9D2010B03}.Release|Any CPU.Build.0 = Release|Any CPU
		{8223C5A3-4C68-4D60-82BE-6E78D8F29887}.Debug|Any CPU.ActiveCfg = Debug|Any CPU
		{8223C5A3-4C68-4D60-82BE-6E78D8F29887}.Debug|Any CPU.Build.0 = Debug|Any CPU
		{8223C5A3-4C68-4D60-82BE-6E78D8F29887}.Release|Any CPU.ActiveCfg = Release|Any CPU
		{8223C5A3-4C68-4D60-82BE-6E78D8F29887}.Release|Any CPU.Build.0 = Release|Any CPU
		{C717E4A0-DDA2-43F9-861B-DD8A65A5E79D}.Debug|Any CPU.ActiveCfg = Debug|Any CPU
		{C717E4A0-DDA2-43F9-861B-DD8A65A5E79D}.Debug|Any CPU.Build.0 = Debug|Any CPU
		{C717E4A0-DDA2-43F9-861B-DD8A65A5E79D}.Release|Any CPU.ActiveCfg = Release|Any CPU
		{C717E4A0-DDA2-43F9-861B-DD8A65A5E79D}.Release|Any CPU.Build.0 = Release|Any CPU
		{D41308C4-85C6-470D-892A-BFAE7954DE4C}.Debug|Any CPU.ActiveCfg = Debug|Any CPU
		{D41308C4-85C6-470D-892A-BFAE7954DE4C}.Debug|Any CPU.Build.0 = Debug|Any CPU
		{D41308C4-85C6-470D-892A-BFAE7954DE4C}.Release|Any CPU.ActiveCfg = Release|Any CPU
		{D41308C4-85C6-470D-892A-BFAE7954DE4C}.Release|Any CPU.Build.0 = Release|Any CPU
		{4F825C3C-6BFC-4EAB-8FDF-228A1E9676C9}.Debug|Any CPU.ActiveCfg = Debug|Any CPU
		{4F825C3C-6BFC-4EAB-8FDF-228A1E9676C9}.Debug|Any CPU.Build.0 = Debug|Any CPU
		{4F825C3C-6BFC-4EAB-8FDF-228A1E9676C9}.Release|Any CPU.ActiveCfg = Release|Any CPU
		{4F825C3C-6BFC-4EAB-8FDF-228A1E9676C9}.Release|Any CPU.Build.0 = Release|Any CPU
		{4C479964-B61D-40E8-BC02-96BCDD4CFD26}.Debug|Any CPU.ActiveCfg = Debug|Any CPU
		{4C479964-B61D-40E8-BC02-96BCDD4CFD26}.Debug|Any CPU.Build.0 = Debug|Any CPU
		{4C479964-B61D-40E8-BC02-96BCDD4CFD26}.Release|Any CPU.ActiveCfg = Release|Any CPU
		{4C479964-B61D-40E8-BC02-96BCDD4CFD26}.Release|Any CPU.Build.0 = Release|Any CPU
		{F1940C38-2936-4E8D-A628-5AC86380176C}.Debug|Any CPU.ActiveCfg = Debug|Any CPU
		{F1940C38-2936-4E8D-A628-5AC86380176C}.Debug|Any CPU.Build.0 = Debug|Any CPU
		{F1940C38-2936-4E8D-A628-5AC86380176C}.Release|Any CPU.ActiveCfg = Release|Any CPU
		{F1940C38-2936-4E8D-A628-5AC86380176C}.Release|Any CPU.Build.0 = Release|Any CPU
		{0D5D272E-B8E9-4148-AFFF-A25BDC1E7251}.Debug|Any CPU.ActiveCfg = Debug|Any CPU
		{0D5D272E-B8E9-4148-AFFF-A25BDC1E7251}.Debug|Any CPU.Build.0 = Debug|Any CPU
		{0D5D272E-B8E9-4148-AFFF-A25BDC1E7251}.Release|Any CPU.ActiveCfg = Release|Any CPU
		{0D5D272E-B8E9-4148-AFFF-A25BDC1E7251}.Release|Any CPU.Build.0 = Release|Any CPU
		{02DCC2FE-938F-48FD-8235-6888480B808C}.Debug|Any CPU.ActiveCfg = Debug|Any CPU
		{02DCC2FE-938F-48FD-8235-6888480B808C}.Debug|Any CPU.Build.0 = Debug|Any CPU
		{02DCC2FE-938F-48FD-8235-6888480B808C}.Release|Any CPU.ActiveCfg = Release|Any CPU
		{02DCC2FE-938F-48FD-8235-6888480B808C}.Release|Any CPU.Build.0 = Release|Any CPU
		{A3950A83-FA81-4B7E-8BFA-58DC780B212E}.Debug|Any CPU.ActiveCfg = Debug|Any CPU
		{A3950A83-FA81-4B7E-8BFA-58DC780B212E}.Debug|Any CPU.Build.0 = Debug|Any CPU
		{A3950A83-FA81-4B7E-8BFA-58DC780B212E}.Release|Any CPU.ActiveCfg = Release|Any CPU
		{A3950A83-FA81-4B7E-8BFA-58DC780B212E}.Release|Any CPU.Build.0 = Release|Any CPU
		{0519440D-0F46-4F97-AA3C-ED5A1B75E443}.Debug|Any CPU.ActiveCfg = Debug|Any CPU
		{0519440D-0F46-4F97-AA3C-ED5A1B75E443}.Debug|Any CPU.Build.0 = Debug|Any CPU
		{0519440D-0F46-4F97-AA3C-ED5A1B75E443}.Release|Any CPU.ActiveCfg = Release|Any CPU
		{0519440D-0F46-4F97-AA3C-ED5A1B75E443}.Release|Any CPU.Build.0 = Release|Any CPU
		{DEC608E2-1999-42A9-8619-85C27344DF0A}.Debug|Any CPU.ActiveCfg = Debug|Any CPU
		{DEC608E2-1999-42A9-8619-85C27344DF0A}.Debug|Any CPU.Build.0 = Debug|Any CPU
		{DEC608E2-1999-42A9-8619-85C27344DF0A}.Release|Any CPU.ActiveCfg = Release|Any CPU
		{DEC608E2-1999-42A9-8619-85C27344DF0A}.Release|Any CPU.Build.0 = Release|Any CPU
		{CBE29CBF-D840-490F-AA78-0BA7EDEB8BFD}.Debug|Any CPU.ActiveCfg = Debug|Any CPU
		{CBE29CBF-D840-490F-AA78-0BA7EDEB8BFD}.Debug|Any CPU.Build.0 = Debug|Any CPU
		{CBE29CBF-D840-490F-AA78-0BA7EDEB8BFD}.Release|Any CPU.ActiveCfg = Release|Any CPU
		{CBE29CBF-D840-490F-AA78-0BA7EDEB8BFD}.Release|Any CPU.Build.0 = Release|Any CPU
		{9601AA37-5E65-4646-B9ED-1C7D4011C696}.Debug|Any CPU.ActiveCfg = Debug|Any CPU
		{9601AA37-5E65-4646-B9ED-1C7D4011C696}.Debug|Any CPU.Build.0 = Debug|Any CPU
		{9601AA37-5E65-4646-B9ED-1C7D4011C696}.Release|Any CPU.ActiveCfg = Release|Any CPU
		{9601AA37-5E65-4646-B9ED-1C7D4011C696}.Release|Any CPU.Build.0 = Release|Any CPU
		{5C5CDC8B-6ACE-4167-B1A1-6E46A0ADCA06}.Debug|Any CPU.ActiveCfg = Debug|Any CPU
		{5C5CDC8B-6ACE-4167-B1A1-6E46A0ADCA06}.Debug|Any CPU.Build.0 = Debug|Any CPU
		{5C5CDC8B-6ACE-4167-B1A1-6E46A0ADCA06}.Release|Any CPU.ActiveCfg = Release|Any CPU
		{5C5CDC8B-6ACE-4167-B1A1-6E46A0ADCA06}.Release|Any CPU.Build.0 = Release|Any CPU
		{2414F3D7-76EB-4E34-B285-63F86D4D1D69}.Debug|Any CPU.ActiveCfg = Debug|Any CPU
		{2414F3D7-76EB-4E34-B285-63F86D4D1D69}.Debug|Any CPU.Build.0 = Debug|Any CPU
		{2414F3D7-76EB-4E34-B285-63F86D4D1D69}.Release|Any CPU.ActiveCfg = Release|Any CPU
		{2414F3D7-76EB-4E34-B285-63F86D4D1D69}.Release|Any CPU.Build.0 = Release|Any CPU
		{EDB50BAB-B315-477A-9673-162B7B36A414}.Debug|Any CPU.ActiveCfg = Debug|Any CPU
		{EDB50BAB-B315-477A-9673-162B7B36A414}.Debug|Any CPU.Build.0 = Debug|Any CPU
		{EDB50BAB-B315-477A-9673-162B7B36A414}.Release|Any CPU.ActiveCfg = Release|Any CPU
		{EDB50BAB-B315-477A-9673-162B7B36A414}.Release|Any CPU.Build.0 = Release|Any CPU
		{A2495B86-81D0-460F-B05A-CFA32D14F1F0}.Debug|Any CPU.ActiveCfg = Debug|Any CPU
		{A2495B86-81D0-460F-B05A-CFA32D14F1F0}.Debug|Any CPU.Build.0 = Debug|Any CPU
		{A2495B86-81D0-460F-B05A-CFA32D14F1F0}.Release|Any CPU.ActiveCfg = Release|Any CPU
		{A2495B86-81D0-460F-B05A-CFA32D14F1F0}.Release|Any CPU.Build.0 = Release|Any CPU
		{91AE86B7-82DD-4B47-92AF-6515CA43BCD4}.Debug|Any CPU.ActiveCfg = Debug|Any CPU
		{91AE86B7-82DD-4B47-92AF-6515CA43BCD4}.Debug|Any CPU.Build.0 = Debug|Any CPU
		{91AE86B7-82DD-4B47-92AF-6515CA43BCD4}.Release|Any CPU.ActiveCfg = Release|Any CPU
		{91AE86B7-82DD-4B47-92AF-6515CA43BCD4}.Release|Any CPU.Build.0 = Release|Any CPU
		{136E22E1-D8FD-4F21-9E8F-ACF5F630D5D6}.Debug|Any CPU.ActiveCfg = Debug|Any CPU
		{136E22E1-D8FD-4F21-9E8F-ACF5F630D5D6}.Debug|Any CPU.Build.0 = Debug|Any CPU
		{136E22E1-D8FD-4F21-9E8F-ACF5F630D5D6}.Release|Any CPU.ActiveCfg = Release|Any CPU
		{136E22E1-D8FD-4F21-9E8F-ACF5F630D5D6}.Release|Any CPU.Build.0 = Release|Any CPU
		{ACC53525-9B0E-40DA-8158-4D4346E6BF6E}.Debug|Any CPU.ActiveCfg = Debug|Any CPU
		{ACC53525-9B0E-40DA-8158-4D4346E6BF6E}.Debug|Any CPU.Build.0 = Debug|Any CPU
		{ACC53525-9B0E-40DA-8158-4D4346E6BF6E}.Release|Any CPU.ActiveCfg = Release|Any CPU
		{ACC53525-9B0E-40DA-8158-4D4346E6BF6E}.Release|Any CPU.Build.0 = Release|Any CPU
		{95E6468F-E87E-43A7-9102-61D4505E8537}.Debug|Any CPU.ActiveCfg = Debug|Any CPU
		{95E6468F-E87E-43A7-9102-61D4505E8537}.Debug|Any CPU.Build.0 = Debug|Any CPU
		{95E6468F-E87E-43A7-9102-61D4505E8537}.Release|Any CPU.ActiveCfg = Release|Any CPU
		{95E6468F-E87E-43A7-9102-61D4505E8537}.Release|Any CPU.Build.0 = Release|Any CPU
		{BAC397A0-C831-453A-BA24-70BC1DE70FCF}.Debug|Any CPU.ActiveCfg = Debug|Any CPU
		{BAC397A0-C831-453A-BA24-70BC1DE70FCF}.Debug|Any CPU.Build.0 = Debug|Any CPU
		{BAC397A0-C831-453A-BA24-70BC1DE70FCF}.Release|Any CPU.ActiveCfg = Release|Any CPU
		{BAC397A0-C831-453A-BA24-70BC1DE70FCF}.Release|Any CPU.Build.0 = Release|Any CPU
		{B70A713B-537B-47B7-8BBA-74424CE77D07}.Debug|Any CPU.ActiveCfg = Debug|Any CPU
		{B70A713B-537B-47B7-8BBA-74424CE77D07}.Debug|Any CPU.Build.0 = Debug|Any CPU
		{B70A713B-537B-47B7-8BBA-74424CE77D07}.Release|Any CPU.ActiveCfg = Release|Any CPU
		{B70A713B-537B-47B7-8BBA-74424CE77D07}.Release|Any CPU.Build.0 = Release|Any CPU
	EndGlobalSection
	GlobalSection(SolutionProperties) = preSolution
		HideSolutionNode = FALSE
	EndGlobalSection
	GlobalSection(ExtensibilityGlobals) = postSolution
		SolutionGuid = {C51BB015-595A-48E4-8934-6285B5C30A80}
	EndGlobalSection
EndGlobal
